// !$*UTF8*$!
{
	archiveVersion = 1;
	classes = {
	};
	objectVersion = 56;
	objects = {

/* Begin PBXBuildFile section */
		A41F6A442BC5A69100110C82 /* Barcode_ScannerApp.swift in Sources */ = {isa = PBXBuildFile; fileRef = A41F6A432BC5A69100110C82 /* Barcode_ScannerApp.swift */; };
		A41F6A462BC5A69100110C82 /* BarcodeScannerView.swift in Sources */ = {isa = PBXBuildFile; fileRef = A41F6A452BC5A69100110C82 /* BarcodeScannerView.swift */; };
		A41F6A482BC5A69300110C82 /* Assets.xcassets in Resources */ = {isa = PBXBuildFile; fileRef = A41F6A472BC5A69300110C82 /* Assets.xcassets */; };
		A41F6A4B2BC5A69300110C82 /* Preview Assets.xcassets in Resources */ = {isa = PBXBuildFile; fileRef = A41F6A4A2BC5A69300110C82 /* Preview Assets.xcassets */; };
		A41F6A532BC5AF5C00110C82 /* ScannerVC.swift in Sources */ = {isa = PBXBuildFile; fileRef = A41F6A522BC5AF5C00110C82 /* ScannerVC.swift */; };
		A41F6A552BC5B89F00110C82 /* ScannerView.swift in Sources */ = {isa = PBXBuildFile; fileRef = A41F6A542BC5B89F00110C82 /* ScannerView.swift */; };
		A41F6A572BC5CF9D00110C82 /* Alert.swift in Sources */ = {isa = PBXBuildFile; fileRef = A41F6A562BC5CF9D00110C82 /* Alert.swift */; };
		A41F6A592BC5CFF200110C82 /* BarcodeScannerViewModel.swift in Sources */ = {isa = PBXBuildFile; fileRef = A41F6A582BC5CFF200110C82 /* BarcodeScannerViewModel.swift */; };
/* End PBXBuildFile section */

/* Begin PBXFileReference section */
		A41F6A402BC5A69100110C82 /* Barcode Scanner.app */ = {isa = PBXFileReference; explicitFileType = wrapper.application; includeInIndex = 0; path = "Barcode Scanner.app"; sourceTree = BUILT_PRODUCTS_DIR; };
		A41F6A432BC5A69100110C82 /* Barcode_ScannerApp.swift */ = {isa = PBXFileReference; lastKnownFileType = sourcecode.swift; path = Barcode_ScannerApp.swift; sourceTree = "<group>"; };
		A41F6A452BC5A69100110C82 /* BarcodeScannerView.swift */ = {isa = PBXFileReference; lastKnownFileType = sourcecode.swift; path = BarcodeScannerView.swift; sourceTree = "<group>"; };
		A41F6A472BC5A69300110C82 /* Assets.xcassets */ = {isa = PBXFileReference; lastKnownFileType = folder.assetcatalog; path = Assets.xcassets; sourceTree = "<group>"; };
		A41F6A4A2BC5A69300110C82 /* Preview Assets.xcassets */ = {isa = PBXFileReference; lastKnownFileType = folder.assetcatalog; path = "Preview Assets.xcassets"; sourceTree = "<group>"; };
		A41F6A512BC5AEC500110C82 /* Barcode-Scanner-Info.plist */ = {isa = PBXFileReference; lastKnownFileType = text.plist; path = "Barcode-Scanner-Info.plist"; sourceTree = SOURCE_ROOT; };
		A41F6A522BC5AF5C00110C82 /* ScannerVC.swift */ = {isa = PBXFileReference; lastKnownFileType = sourcecode.swift; path = ScannerVC.swift; sourceTree = "<group>"; };
		A41F6A542BC5B89F00110C82 /* ScannerView.swift */ = {isa = PBXFileReference; lastKnownFileType = sourcecode.swift; path = ScannerView.swift; sourceTree = "<group>"; };
		A41F6A562BC5CF9D00110C82 /* Alert.swift */ = {isa = PBXFileReference; lastKnownFileType = sourcecode.swift; path = Alert.swift; sourceTree = "<group>"; };
		A41F6A582BC5CFF200110C82 /* BarcodeScannerViewModel.swift */ = {isa = PBXFileReference; lastKnownFileType = sourcecode.swift; path = BarcodeScannerViewModel.swift; sourceTree = "<group>"; };
/* End PBXFileReference section */

/* Begin PBXFrameworksBuildPhase section */
		A41F6A3D2BC5A69100110C82 /* Frameworks */ = {
			isa = PBXFrameworksBuildPhase;
			buildActionMask = 2147483647;
			files = (
			);
			runOnlyForDeploymentPostprocessing = 0;
		};
/* End PBXFrameworksBuildPhase section */

/* Begin PBXGroup section */
		A41F6A372BC5A69100110C82 = {
			isa = PBXGroup;
			children = (
				A41F6A422BC5A69100110C82 /* Barcode Scanner */,
				A41F6A412BC5A69100110C82 /* Products */,
			);
			sourceTree = "<group>";
		};
		A41F6A412BC5A69100110C82 /* Products */ = {
			isa = PBXGroup;
			children = (
				A41F6A402BC5A69100110C82 /* Barcode Scanner.app */,
			);
			name = Products;
			sourceTree = "<group>";
		};
		A41F6A422BC5A69100110C82 /* Barcode Scanner */ = {
			isa = PBXGroup;
			children = (
				A41F6A5E2BC5D21E00110C82 /* Utilities */,
				A41F6A5C2BC5D1FF00110C82 /* Views */,
				A41F6A5A2BC5D1D900110C82 /* Screens */,
				A41F6A512BC5AEC500110C82 /* Barcode-Scanner-Info.plist */,
				A41F6A432BC5A69100110C82 /* Barcode_ScannerApp.swift */,
				A41F6A472BC5A69300110C82 /* Assets.xcassets */,
				A41F6A492BC5A69300110C82 /* Preview Content */,
			);
			path = "Barcode Scanner";
			sourceTree = "<group>";
		};
		A41F6A492BC5A69300110C82 /* Preview Content */ = {
			isa = PBXGroup;
			children = (
				A41F6A4A2BC5A69300110C82 /* Preview Assets.xcassets */,
			);
			path = "Preview Content";
			sourceTree = "<group>";
		};
		A41F6A5A2BC5D1D900110C82 /* Screens */ = {
			isa = PBXGroup;
			children = (
				A41F6A5B2BC5D1E400110C82 /* BarcodeScanner */,
			);
			path = Screens;
			sourceTree = "<group>";
		};
		A41F6A5B2BC5D1E400110C82 /* BarcodeScanner */ = {
			isa = PBXGroup;
			children = (
				A41F6A452BC5A69100110C82 /* BarcodeScannerView.swift */,
				A41F6A582BC5CFF200110C82 /* BarcodeScannerViewModel.swift */,
			);
			path = BarcodeScanner;
			sourceTree = "<group>";
		};
		A41F6A5C2BC5D1FF00110C82 /* Views */ = {
			isa = PBXGroup;
			children = (
				A41F6A5D2BC5D20500110C82 /* UIKit Components */,
			);
			path = Views;
			sourceTree = "<group>";
		};
		A41F6A5D2BC5D20500110C82 /* UIKit Components */ = {
			isa = PBXGroup;
			children = (
				A41F6A522BC5AF5C00110C82 /* ScannerVC.swift */,
				A41F6A542BC5B89F00110C82 /* ScannerView.swift */,
			);
			path = "UIKit Components";
			sourceTree = "<group>";
		};
		A41F6A5E2BC5D21E00110C82 /* Utilities */ = {
			isa = PBXGroup;
			children = (
				A41F6A562BC5CF9D00110C82 /* Alert.swift */,
			);
			path = Utilities;
			sourceTree = "<group>";
		};
/* End PBXGroup section */

/* Begin PBXNativeTarget section */
		A41F6A3F2BC5A69100110C82 /* Barcode Scanner */ = {
			isa = PBXNativeTarget;
			buildConfigurationList = A41F6A4E2BC5A69300110C82 /* Build configuration list for PBXNativeTarget "Barcode Scanner" */;
			buildPhases = (
				A41F6A3C2BC5A69100110C82 /* Sources */,
				A41F6A3D2BC5A69100110C82 /* Frameworks */,
				A41F6A3E2BC5A69100110C82 /* Resources */,
			);
			buildRules = (
			);
			dependencies = (
			);
			name = "Barcode Scanner";
			productName = "Barcode Scanner";
			productReference = A41F6A402BC5A69100110C82 /* Barcode Scanner.app */;
			productType = "com.apple.product-type.application";
		};
/* End PBXNativeTarget section */

/* Begin PBXProject section */
		A41F6A382BC5A69100110C82 /* Project object */ = {
			isa = PBXProject;
			attributes = {
				BuildIndependentTargetsInParallel = 1;
				LastSwiftUpdateCheck = 1530;
				LastUpgradeCheck = 1530;
				TargetAttributes = {
					A41F6A3F2BC5A69100110C82 = {
						CreatedOnToolsVersion = 15.3;
					};
				};
			};
			buildConfigurationList = A41F6A3B2BC5A69100110C82 /* Build configuration list for PBXProject "Barcode Scanner" */;
			compatibilityVersion = "Xcode 14.0";
			developmentRegion = en;
			hasScannedForEncodings = 0;
			knownRegions = (
				en,
				Base,
			);
			mainGroup = A41F6A372BC5A69100110C82;
			productRefGroup = A41F6A412BC5A69100110C82 /* Products */;
			projectDirPath = "";
			projectRoot = "";
			targets = (
				A41F6A3F2BC5A69100110C82 /* Barcode Scanner */,
			);
		};
/* End PBXProject section */

/* Begin PBXResourcesBuildPhase section */
		A41F6A3E2BC5A69100110C82 /* Resources */ = {
			isa = PBXResourcesBuildPhase;
			buildActionMask = 2147483647;
			files = (
				A41F6A4B2BC5A69300110C82 /* Preview Assets.xcassets in Resources */,
				A41F6A482BC5A69300110C82 /* Assets.xcassets in Resources */,
			);
			runOnlyForDeploymentPostprocessing = 0;
		};
/* End PBXResourcesBuildPhase section */

/* Begin PBXSourcesBuildPhase section */
		A41F6A3C2BC5A69100110C82 /* Sources */ = {
			isa = PBXSourcesBuildPhase;
			buildActionMask = 2147483647;
			files = (
				A41F6A592BC5CFF200110C82 /* BarcodeScannerViewModel.swift in Sources */,
				A41F6A532BC5AF5C00110C82 /* ScannerVC.swift in Sources */,
				A41F6A552BC5B89F00110C82 /* ScannerView.swift in Sources */,
				A41F6A462BC5A69100110C82 /* BarcodeScannerView.swift in Sources */,
				A41F6A572BC5CF9D00110C82 /* Alert.swift in Sources */,
				A41F6A442BC5A69100110C82 /* Barcode_ScannerApp.swift in Sources */,
			);
			runOnlyForDeploymentPostprocessing = 0;
		};
/* End PBXSourcesBuildPhase section */

/* Begin XCBuildConfiguration section */
		A41F6A4C2BC5A69300110C82 /* Debug */ = {
			isa = XCBuildConfiguration;
			buildSettings = {
				ALWAYS_SEARCH_USER_PATHS = NO;
				ASSETCATALOG_COMPILER_GENERATE_SWIFT_ASSET_SYMBOL_EXTENSIONS = YES;
				CLANG_ANALYZER_NONNULL = YES;
				CLANG_ANALYZER_NUMBER_OBJECT_CONVERSION = YES_AGGRESSIVE;
				CLANG_CXX_LANGUAGE_STANDARD = "gnu++20";
				CLANG_ENABLE_MODULES = YES;
				CLANG_ENABLE_OBJC_ARC = YES;
				CLANG_ENABLE_OBJC_WEAK = YES;
				CLANG_WARN_BLOCK_CAPTURE_AUTORELEASING = YES;
				CLANG_WARN_BOOL_CONVERSION = YES;
				CLANG_WARN_COMMA = YES;
				CLANG_WARN_CONSTANT_CONVERSION = YES;
				CLANG_WARN_DEPRECATED_OBJC_IMPLEMENTATIONS = YES;
				CLANG_WARN_DIRECT_OBJC_ISA_USAGE = YES_ERROR;
				CLANG_WARN_DOCUMENTATION_COMMENTS = YES;
				CLANG_WARN_EMPTY_BODY = YES;
				CLANG_WARN_ENUM_CONVERSION = YES;
				CLANG_WARN_INFINITE_RECURSION = YES;
				CLANG_WARN_INT_CONVERSION = YES;
				CLANG_WARN_NON_LITERAL_NULL_CONVERSION = YES;
				CLANG_WARN_OBJC_IMPLICIT_RETAIN_SELF = YES;
				CLANG_WARN_OBJC_LITERAL_CONVERSION = YES;
				CLANG_WARN_OBJC_ROOT_CLASS = YES_ERROR;
				CLANG_WARN_QUOTED_INCLUDE_IN_FRAMEWORK_HEADER = YES;
				CLANG_WARN_RANGE_LOOP_ANALYSIS = YES;
				CLANG_WARN_STRICT_PROTOTYPES = YES;
				CLANG_WARN_SUSPICIOUS_MOVE = YES;
				CLANG_WARN_UNGUARDED_AVAILABILITY = YES_AGGRESSIVE;
				CLANG_WARN_UNREACHABLE_CODE = YES;
				CLANG_WARN__DUPLICATE_METHOD_MATCH = YES;
				COPY_PHASE_STRIP = NO;
				DEBUG_INFORMATION_FORMAT = dwarf;
				ENABLE_STRICT_OBJC_MSGSEND = YES;
				ENABLE_TESTABILITY = YES;
				ENABLE_USER_SCRIPT_SANDBOXING = YES;
				GCC_C_LANGUAGE_STANDARD = gnu17;
				GCC_DYNAMIC_NO_PIC = NO;
				GCC_NO_COMMON_BLOCKS = YES;
				GCC_OPTIMIZATION_LEVEL = 0;
				GCC_PREPROCESSOR_DEFINITIONS = (
					"DEBUG=1",
					"$(inherited)",
				);
				GCC_WARN_64_TO_32_BIT_CONVERSION = YES;
				GCC_WARN_ABOUT_RETURN_TYPE = YES_ERROR;
				GCC_WARN_UNDECLARED_SELECTOR = YES;
				GCC_WARN_UNINITIALIZED_AUTOS = YES_AGGRESSIVE;
				GCC_WARN_UNUSED_FUNCTION = YES;
				GCC_WARN_UNUSED_VARIABLE = YES;
				IPHONEOS_DEPLOYMENT_TARGET = 17.0;
				LOCALIZATION_PREFERS_STRING_CATALOGS = YES;
				MTL_ENABLE_DEBUG_INFO = INCLUDE_SOURCE;
				MTL_FAST_MATH = YES;
				ONLY_ACTIVE_ARCH = YES;
				SDKROOT = iphoneos;
				SWIFT_ACTIVE_COMPILATION_CONDITIONS = "DEBUG $(inherited)";
				SWIFT_OPTIMIZATION_LEVEL = "-Onone";
			};
			name = Debug;
		};
		A41F6A4D2BC5A69300110C82 /* Release */ = {
			isa = XCBuildConfiguration;
			buildSettings = {
				ALWAYS_SEARCH_USER_PATHS = NO;
				ASSETCATALOG_COMPILER_GENERATE_SWIFT_ASSET_SYMBOL_EXTENSIONS = YES;
				CLANG_ANALYZER_NONNULL = YES;
				CLANG_ANALYZER_NUMBER_OBJECT_CONVERSION = YES_AGGRESSIVE;
				CLANG_CXX_LANGUAGE_STANDARD = "gnu++20";
				CLANG_ENABLE_MODULES = YES;
				CLANG_ENABLE_OBJC_ARC = YES;
				CLANG_ENABLE_OBJC_WEAK = YES;
				CLANG_WARN_BLOCK_CAPTURE_AUTORELEASING = YES;
				CLANG_WARN_BOOL_CONVERSION = YES;
				CLANG_WARN_COMMA = YES;
				CLANG_WARN_CONSTANT_CONVERSION = YES;
				CLANG_WARN_DEPRECATED_OBJC_IMPLEMENTATIONS = YES;
				CLANG_WARN_DIRECT_OBJC_ISA_USAGE = YES_ERROR;
				CLANG_WARN_DOCUMENTATION_COMMENTS = YES;
				CLANG_WARN_EMPTY_BODY = YES;
				CLANG_WARN_ENUM_CONVERSION = YES;
				CLANG_WARN_INFINITE_RECURSION = YES;
				CLANG_WARN_INT_CONVERSION = YES;
				CLANG_WARN_NON_LITERAL_NULL_CONVERSION = YES;
				CLANG_WARN_OBJC_IMPLICIT_RETAIN_SELF = YES;
				CLANG_WARN_OBJC_LITERAL_CONVERSION = YES;
				CLANG_WARN_OBJC_ROOT_CLASS = YES_ERROR;
				CLANG_WARN_QUOTED_INCLUDE_IN_FRAMEWORK_HEADER = YES;
				CLANG_WARN_RANGE_LOOP_ANALYSIS = YES;
				CLANG_WARN_STRICT_PROTOTYPES = YES;
				CLANG_WARN_SUSPICIOUS_MOVE = YES;
				CLANG_WARN_UNGUARDED_AVAILABILITY = YES_AGGRESSIVE;
				CLANG_WARN_UNREACHABLE_CODE = YES;
				CLANG_WARN__DUPLICATE_METHOD_MATCH = YES;
				COPY_PHASE_STRIP = NO;
				DEBUG_INFORMATION_FORMAT = "dwarf-with-dsym";
				ENABLE_NS_ASSERTIONS = NO;
				ENABLE_STRICT_OBJC_MSGSEND = YES;
				ENABLE_USER_SCRIPT_SANDBOXING = YES;
				GCC_C_LANGUAGE_STANDARD = gnu17;
				GCC_NO_COMMON_BLOCKS = YES;
				GCC_WARN_64_TO_32_BIT_CONVERSION = YES;
				GCC_WARN_ABOUT_RETURN_TYPE = YES_ERROR;
				GCC_WARN_UNDECLARED_SELECTOR = YES;
				GCC_WARN_UNINITIALIZED_AUTOS = YES_AGGRESSIVE;
				GCC_WARN_UNUSED_FUNCTION = YES;
				GCC_WARN_UNUSED_VARIABLE = YES;
				IPHONEOS_DEPLOYMENT_TARGET = 17.0;
				LOCALIZATION_PREFERS_STRING_CATALOGS = YES;
				MTL_ENABLE_DEBUG_INFO = NO;
				MTL_FAST_MATH = YES;
				SDKROOT = iphoneos;
				SWIFT_COMPILATION_MODE = wholemodule;
				VALIDATE_PRODUCT = YES;
			};
			name = Release;
		};
		A41F6A4F2BC5A69300110C82 /* Debug */ = {
			isa = XCBuildConfiguration;
			buildSettings = {
				ASSETCATALOG_COMPILER_APPICON_NAME = AppIcon;
				ASSETCATALOG_COMPILER_GLOBAL_ACCENT_COLOR_NAME = AccentColor;
				CODE_SIGN_STYLE = Automatic;
				CURRENT_PROJECT_VERSION = 1;
				DEVELOPMENT_ASSET_PATHS = "\"Barcode Scanner/Preview Content\"";
				DEVELOPMENT_TEAM = 82HCH9V652;
				ENABLE_PREVIEWS = YES;
				GENERATE_INFOPLIST_FILE = YES;
				INFOPLIST_FILE = "Barcode-Scanner-Info.plist";
				INFOPLIST_KEY_NSCameraUsageDescription = "We need to use the camera to scan barcode.";
				INFOPLIST_KEY_UIApplicationSceneManifest_Generation = YES;
				INFOPLIST_KEY_UIApplicationSupportsIndirectInputEvents = YES;
				INFOPLIST_KEY_UILaunchScreen_Generation = YES;
				INFOPLIST_KEY_UISupportedInterfaceOrientations_iPad = "UIInterfaceOrientationPortrait UIInterfaceOrientationPortraitUpsideDown UIInterfaceOrientationLandscapeLeft UIInterfaceOrientationLandscapeRight";
				INFOPLIST_KEY_UISupportedInterfaceOrientations_iPhone = "UIInterfaceOrientationPortrait UIInterfaceOrientationLandscapeLeft UIInterfaceOrientationLandscapeRight";
				IPHONEOS_DEPLOYMENT_TARGET = 17.0;
				LD_RUNPATH_SEARCH_PATHS = (
					"$(inherited)",
					"@executable_path/Frameworks",
				);
				MARKETING_VERSION = 1.0;
				PRODUCT_BUNDLE_IDENTIFIER = "com.tumbersa.Barcode-Scanner";
				PRODUCT_NAME = "$(TARGET_NAME)";
				SWIFT_EMIT_LOC_STRINGS = YES;
				SWIFT_VERSION = 5.0;
				TARGETED_DEVICE_FAMILY = "1,2";
			};
			name = Debug;
		};
		A41F6A502BC5A69300110C82 /* Release */ = {
			isa = XCBuildConfiguration;
			buildSettings = {
				ASSETCATALOG_COMPILER_APPICON_NAME = AppIcon;
				ASSETCATALOG_COMPILER_GLOBAL_ACCENT_COLOR_NAME = AccentColor;
				CODE_SIGN_STYLE = Automatic;
				CURRENT_PROJECT_VERSION = 1;
				DEVELOPMENT_ASSET_PATHS = "\"Barcode Scanner/Preview Content\"";
				DEVELOPMENT_TEAM = 82HCH9V652;
				ENABLE_PREVIEWS = YES;
				GENERATE_INFOPLIST_FILE = YES;
				INFOPLIST_FILE = "Barcode-Scanner-Info.plist";
				INFOPLIST_KEY_NSCameraUsageDescription = "We need to use the camera to scan barcode.";
				INFOPLIST_KEY_UIApplicationSceneManifest_Generation = YES;
				INFOPLIST_KEY_UIApplicationSupportsIndirectInputEvents = YES;
				INFOPLIST_KEY_UILaunchScreen_Generation = YES;
				INFOPLIST_KEY_UISupportedInterfaceOrientations_iPad = "UIInterfaceOrientationPortrait UIInterfaceOrientationPortraitUpsideDown UIInterfaceOrientationLandscapeLeft UIInterfaceOrientationLandscapeRight";
				INFOPLIST_KEY_UISupportedInterfaceOrientations_iPhone = "UIInterfaceOrientationPortrait UIInterfaceOrientationLandscapeLeft UIInterfaceOrientationLandscapeRight";
				IPHONEOS_DEPLOYMENT_TARGET = 17.0;
				LD_RUNPATH_SEARCH_PATHS = (
					"$(inherited)",
					"@executable_path/Frameworks",
				);
				MARKETING_VERSION = 1.0;
				PRODUCT_BUNDLE_IDENTIFIER = "com.tumbersa.Barcode-Scanner";
				PRODUCT_NAME = "$(TARGET_NAME)";
				SWIFT_EMIT_LOC_STRINGS = YES;
				SWIFT_VERSION = 5.0;
				TARGETED_DEVICE_FAMILY = "1,2";
			};
			name = Release;
		};
/* End XCBuildConfiguration section */

/* Begin XCConfigurationList section */
		A41F6A3B2BC5A69100110C82 /* Build configuration list for PBXProject "Barcode Scanner" */ = {
			isa = XCConfigurationList;
			buildConfigurations = (
				A41F6A4C2BC5A69300110C82 /* Debug */,
				A41F6A4D2BC5A69300110C82 /* Release */,
			);
			defaultConfigurationIsVisible = 0;
			defaultConfigurationName = Release;
		};
		A41F6A4E2BC5A69300110C82 /* Build configuration list for PBXNativeTarget "Barcode Scanner" */ = {
			isa = XCConfigurationList;
			buildConfigurations = (
				A41F6A4F2BC5A69300110C82 /* Debug */,
				A41F6A502BC5A69300110C82 /* Release */,
			);
			defaultConfigurationIsVisible = 0;
			defaultConfigurationName = Release;
		};
/* End XCConfigurationList section */
	};
	rootObject = A41F6A382BC5A69100110C82 /* Project object */;
}
